
Microsoft Visual Studio Solution File, Format Version 12.00
# Visual Studio Version 16
VisualStudioVersion = 16.0.30804.86
MinimumVisualStudioVersion = 10.0.40219.1
Project("{FAE04EC0-301F-11D3-BF4B-00C04F79EFBC}") = "CardShuffler", "CardShuffler.csproj", "{2FA668D5-C815-4F42-AB57-3C630AB69822}"
EndProject
Global
	GlobalSection(SolutionConfigurationPlatforms) = preSolution
		Debug|Any CPU = Debug|Any CPU
		Release|Any CPU = Release|Any CPU
	EndGlobalSection
	GlobalSection(ProjectConfigurationPlatforms) = postSolution
		{2FA668D5-C815-4F42-AB57-3C630AB69822}.Debug|Any CPU.ActiveCfg = Debug|Any CPU
		{2FA668D5-C815-4F42-AB57-3C630AB69822}.Debug|Any CPU.Build.0 = Debug|Any CPU
		{2FA668D5-C815-4F42-AB57-3C630AB69822}.Release|Any CPU.ActiveCfg = Release|Any CPU
		{2FA668D5-C815-4F42-AB57-3C630AB69822}.Release|Any CPU.Build.0 = Release|Any CPU
	EndGlobalSection
	GlobalSection(SolutionProperties) = preSolution
		HideSolutionNode = FALSE
	EndGlobalSection
	GlobalSection(ExtensibilityGlobals) = postSolution
		SolutionGuid = {09A70AC5-D870-4263-AA1B-3F33A8B6A34B}
	EndGlobalSection
EndGlobal
